
Microsoft Visual Studio Solution File, Format Version 12.00
# Visual Studio Version 17
VisualStudioVersion = 17.0.32126.317
MinimumVisualStudioVersion = 10.0.40219.1
Project("{FAE04EC0-301F-11D3-BF4B-00C04F79EFBC}") = "GameSaveBackup", "GameSaveBackup.csproj", "{0B4C4D80-1A92-4475-9E91-A0067043B14F}"
EndProject
Global
	GlobalSection(SolutionConfigurationPlatforms) = preSolution
		Debug|Any CPU = Debug|Any CPU
		Release|Any CPU = Release|Any CPU
	EndGlobalSection
	GlobalSection(ProjectConfigurationPlatforms) = postSolution
		{0B4C4D80-1A92-4475-9E91-A0067043B14F}.Debug|Any CPU.ActiveCfg = Debug|Any CPU
		{0B4C4D80-1A92-4475-9E91-A0067043B14F}.Debug|Any CPU.Build.0 = Debug|Any CPU
		{0B4C4D80-1A92-4475-9E91-A0067043B14F}.Release|Any CPU.ActiveCfg = Release|Any CPU
		{0B4C4D80-1A92-4475-9E91-A0067043B14F}.Release|Any CPU.Build.0 = Release|Any CPU
	EndGlobalSection
	GlobalSection(SolutionProperties) = preSolution
		HideSolutionNode = FALSE
	EndGlobalSection
	GlobalSection(ExtensibilityGlobals) = postSolution
		SolutionGuid = {1F228994-2B76-4EEB-9A40-C026B221DA46}
	EndGlobalSection
EndGlobal
