
Microsoft Visual Studio Solution File, Format Version 12.00
# Visual Studio Version 17
VisualStudioVersion = 17.0.32126.317
MinimumVisualStudioVersion = 10.0.40219.1
Project("{9A19103F-16F7-4668-BE54-9A1E7A4F7556}") = "GameSaveManagement", "GameSaveManagement\GameSaveManagement.csproj", "{E04A3F35-8020-46E0-B3D5-BBE1D9ED2DED}"
EndProject
Global
	GlobalSection(SolutionConfigurationPlatforms) = preSolution
		Debug|Any CPU = Debug|Any CPU
		Release|Any CPU = Release|Any CPU
	EndGlobalSection
	GlobalSection(ProjectConfigurationPlatforms) = postSolution
		{E04A3F35-8020-46E0-B3D5-BBE1D9ED2DED}.Debug|Any CPU.ActiveCfg = Debug|Any CPU
		{E04A3F35-8020-46E0-B3D5-BBE1D9ED2DED}.Debug|Any CPU.Build.0 = Debug|Any CPU
		{E04A3F35-8020-46E0-B3D5-BBE1D9ED2DED}.Release|Any CPU.ActiveCfg = Release|Any CPU
		{E04A3F35-8020-46E0-B3D5-BBE1D9ED2DED}.Release|Any CPU.Build.0 = Release|Any CPU
	EndGlobalSection
	GlobalSection(SolutionProperties) = preSolution
		HideSolutionNode = FALSE
	EndGlobalSection
	GlobalSection(ExtensibilityGlobals) = postSolution
		SolutionGuid = {1F228994-2B76-4EEB-9A40-C026B221DA46}
	EndGlobalSection
EndGlobal
